
Microsoft Visual Studio Solution File, Format Version 12.00
# Visual Studio Version 17
VisualStudioVersion = 17.4.33213.308
MinimumVisualStudioVersion = 10.0.40219.1
Project("{2150E333-8FDC-42A3-9474-1A3956D46DE8}") = "src", "src", "{5D03F26D-054E-456E-8C2A-3E332B66A4B2}"
EndProject
Project("{2150E333-8FDC-42A3-9474-1A3956D46DE8}") = "CountryService", "CountryService", "{39AE2C3A-4B3D-47F1-A2F4-66D714F1FE62}"
EndProject
Project("{2150E333-8FDC-42A3-9474-1A3956D46DE8}") = "ExchangeService", "ExchangeService", "{7048DF45-B3BD-4BFC-8F59-D298522ED0C7}"
EndProject
Project("{2150E333-8FDC-42A3-9474-1A3956D46DE8}") = "OverviewService", "OverviewService", "{D81F553C-6E2F-43B6-BEE2-AA78D7B26F3B}"
EndProject
Project("{9A19103F-16F7-4668-BE54-9A1E7A4F7556}") = "CountryDemo", "CountryService\CountryDemo.csproj", "{31C4A5F7-C91F-4D95-9B6C-B67117351618}"
EndProject
Project("{9A19103F-16F7-4668-BE54-9A1E7A4F7556}") = "ExchangeDemo", "ExchangeService\ExchangeDemo.csproj", "{CCDCACB1-6ADB-4F99-9A91-FBB3F0A667B3}"
EndProject
Project("{9A19103F-16F7-4668-BE54-9A1E7A4F7556}") = "Overview", "OverviewService\Overview.csproj", "{9720B67D-C7EC-435A-9BEB-C6FD75AE8006}"
EndProject
Global
	GlobalSection(SolutionConfigurationPlatforms) = preSolution
		Debug|Any CPU = Debug|Any CPU
		Release|Any CPU = Release|Any CPU
	EndGlobalSection
	GlobalSection(ProjectConfigurationPlatforms) = postSolution
		{31C4A5F7-C91F-4D95-9B6C-B67117351618}.Debug|Any CPU.ActiveCfg = Debug|Any CPU
		{31C4A5F7-C91F-4D95-9B6C-B67117351618}.Debug|Any CPU.Build.0 = Debug|Any CPU
		{31C4A5F7-C91F-4D95-9B6C-B67117351618}.Release|Any CPU.ActiveCfg = Release|Any CPU
		{31C4A5F7-C91F-4D95-9B6C-B67117351618}.Release|Any CPU.Build.0 = Release|Any CPU
		{CCDCACB1-6ADB-4F99-9A91-FBB3F0A667B3}.Debug|Any CPU.ActiveCfg = Debug|Any CPU
		{CCDCACB1-6ADB-4F99-9A91-FBB3F0A667B3}.Debug|Any CPU.Build.0 = Debug|Any CPU
		{CCDCACB1-6ADB-4F99-9A91-FBB3F0A667B3}.Release|Any CPU.ActiveCfg = Release|Any CPU
		{CCDCACB1-6ADB-4F99-9A91-FBB3F0A667B3}.Release|Any CPU.Build.0 = Release|Any CPU
		{9720B67D-C7EC-435A-9BEB-C6FD75AE8006}.Debug|Any CPU.ActiveCfg = Debug|Any CPU
		{9720B67D-C7EC-435A-9BEB-C6FD75AE8006}.Debug|Any CPU.Build.0 = Debug|Any CPU
		{9720B67D-C7EC-435A-9BEB-C6FD75AE8006}.Release|Any CPU.ActiveCfg = Release|Any CPU
		{9720B67D-C7EC-435A-9BEB-C6FD75AE8006}.Release|Any CPU.Build.0 = Release|Any CPU
	EndGlobalSection
	GlobalSection(SolutionProperties) = preSolution
		HideSolutionNode = FALSE
	EndGlobalSection
	GlobalSection(NestedProjects) = preSolution
		{39AE2C3A-4B3D-47F1-A2F4-66D714F1FE62} = {5D03F26D-054E-456E-8C2A-3E332B66A4B2}
		{7048DF45-B3BD-4BFC-8F59-D298522ED0C7} = {5D03F26D-054E-456E-8C2A-3E332B66A4B2}
		{D81F553C-6E2F-43B6-BEE2-AA78D7B26F3B} = {5D03F26D-054E-456E-8C2A-3E332B66A4B2}
		{31C4A5F7-C91F-4D95-9B6C-B67117351618} = {39AE2C3A-4B3D-47F1-A2F4-66D714F1FE62}
		{CCDCACB1-6ADB-4F99-9A91-FBB3F0A667B3} = {7048DF45-B3BD-4BFC-8F59-D298522ED0C7}
		{9720B67D-C7EC-435A-9BEB-C6FD75AE8006} = {D81F553C-6E2F-43B6-BEE2-AA78D7B26F3B}
	EndGlobalSection
	GlobalSection(ExtensibilityGlobals) = postSolution
		SolutionGuid = {6DE83287-41EC-40B4-978D-0842E3F7CD8C}
	EndGlobalSection
EndGlobal
